
Microsoft Visual Studio Solution File, Format Version 12.00
Project("{FAE04EC0-301F-11D3-BF4B-00C04F79EFBC}") = "Interfaces", "Interfaces\Interfaces.csproj", "{149A5E31-10EC-4521-AAC8-B8E5538E98DC}"
EndProject
Project("{FAE04EC0-301F-11D3-BF4B-00C04F79EFBC}") = "Middleware", "Middleware\Middleware.csproj", "{833E61AC-9F87-4359-88D7-FD107829DE40}"
EndProject
Project("{2150E333-8FDC-42A3-9474-1A3956D46DE8}") = "Microservices", "Microservices", "{6B35B81A-78B4-429B-86BC-456CBFECCC8E}"
EndProject
Project("{FAE04EC0-301F-11D3-BF4B-00C04F79EFBC}") = "AcriviryLogger", "AcriviryLogger\AcriviryLogger.csproj", "{D484F61E-8F5C-4FB8-BCA2-145A87FF80D3}"
EndProject
Project("{FAE04EC0-301F-11D3-BF4B-00C04F79EFBC}") = "ShoppingCart", "ShoppingCart\ShoppingCart.csproj", "{E172D9F0-1C7D-44FB-BD61-74877282B2A2}"
EndProject
Project("{FAE04EC0-301F-11D3-BF4B-00C04F79EFBC}") = "ProductCatalog", "ProductCatalog\ProductCatalog.csproj", "{86EE9972-A5B7-43CD-86A7-6BB88E2B8FC5}"
EndProject
Global
	GlobalSection(SolutionConfigurationPlatforms) = preSolution
		Debug|Any CPU = Debug|Any CPU
		Release|Any CPU = Release|Any CPU
	EndGlobalSection
	GlobalSection(ProjectConfigurationPlatforms) = postSolution
		{149A5E31-10EC-4521-AAC8-B8E5538E98DC}.Debug|Any CPU.ActiveCfg = Debug|Any CPU
		{149A5E31-10EC-4521-AAC8-B8E5538E98DC}.Debug|Any CPU.Build.0 = Debug|Any CPU
		{149A5E31-10EC-4521-AAC8-B8E5538E98DC}.Release|Any CPU.ActiveCfg = Release|Any CPU
		{149A5E31-10EC-4521-AAC8-B8E5538E98DC}.Release|Any CPU.Build.0 = Release|Any CPU
		{833E61AC-9F87-4359-88D7-FD107829DE40}.Debug|Any CPU.ActiveCfg = Debug|Any CPU
		{833E61AC-9F87-4359-88D7-FD107829DE40}.Debug|Any CPU.Build.0 = Debug|Any CPU
		{833E61AC-9F87-4359-88D7-FD107829DE40}.Release|Any CPU.ActiveCfg = Release|Any CPU
		{833E61AC-9F87-4359-88D7-FD107829DE40}.Release|Any CPU.Build.0 = Release|Any CPU
		{D484F61E-8F5C-4FB8-BCA2-145A87FF80D3}.Debug|Any CPU.ActiveCfg = Debug|Any CPU
		{D484F61E-8F5C-4FB8-BCA2-145A87FF80D3}.Debug|Any CPU.Build.0 = Debug|Any CPU
		{D484F61E-8F5C-4FB8-BCA2-145A87FF80D3}.Release|Any CPU.ActiveCfg = Release|Any CPU
		{D484F61E-8F5C-4FB8-BCA2-145A87FF80D3}.Release|Any CPU.Build.0 = Release|Any CPU
		{E172D9F0-1C7D-44FB-BD61-74877282B2A2}.Debug|Any CPU.ActiveCfg = Debug|Any CPU
		{E172D9F0-1C7D-44FB-BD61-74877282B2A2}.Debug|Any CPU.Build.0 = Debug|Any CPU
		{E172D9F0-1C7D-44FB-BD61-74877282B2A2}.Release|Any CPU.ActiveCfg = Release|Any CPU
		{E172D9F0-1C7D-44FB-BD61-74877282B2A2}.Release|Any CPU.Build.0 = Release|Any CPU
		{86EE9972-A5B7-43CD-86A7-6BB88E2B8FC5}.Debug|Any CPU.ActiveCfg = Debug|Any CPU
		{86EE9972-A5B7-43CD-86A7-6BB88E2B8FC5}.Debug|Any CPU.Build.0 = Debug|Any CPU
		{86EE9972-A5B7-43CD-86A7-6BB88E2B8FC5}.Release|Any CPU.ActiveCfg = Release|Any CPU
		{86EE9972-A5B7-43CD-86A7-6BB88E2B8FC5}.Release|Any CPU.Build.0 = Release|Any CPU
	EndGlobalSection
	GlobalSection(NestedProjects) = preSolution
		{D484F61E-8F5C-4FB8-BCA2-145A87FF80D3} = {6B35B81A-78B4-429B-86BC-456CBFECCC8E}
		{E172D9F0-1C7D-44FB-BD61-74877282B2A2} = {6B35B81A-78B4-429B-86BC-456CBFECCC8E}
		{86EE9972-A5B7-43CD-86A7-6BB88E2B8FC5} = {6B35B81A-78B4-429B-86BC-456CBFECCC8E}
	EndGlobalSection
EndGlobal
